
Microsoft Visual Studio Solution File, Format Version 12.00
# Visual Studio Version 16
VisualStudioVersion = 16.0.30204.135
MinimumVisualStudioVersion = 10.0.40219.1
Project("{FAE04EC0-301F-11D3-BF4B-00C04F79EFBC}") = "PracticalWork4", "PracticalWork4\PracticalWork4.csproj", "{007BFEEB-32B4-42CB-951C-ADC698639362}"
EndProject
Global
	GlobalSection(SolutionConfigurationPlatforms) = preSolution
		Debug|Any CPU = Debug|Any CPU
		Release|Any CPU = Release|Any CPU
	EndGlobalSection
	GlobalSection(ProjectConfigurationPlatforms) = postSolution
		{007BFEEB-32B4-42CB-951C-ADC698639362}.Debug|Any CPU.ActiveCfg = Debug|Any CPU
		{007BFEEB-32B4-42CB-951C-ADC698639362}.Debug|Any CPU.Build.0 = Debug|Any CPU
		{007BFEEB-32B4-42CB-951C-ADC698639362}.Release|Any CPU.ActiveCfg = Release|Any CPU
		{007BFEEB-32B4-42CB-951C-ADC698639362}.Release|Any CPU.Build.0 = Release|Any CPU
	EndGlobalSection
	GlobalSection(SolutionProperties) = preSolution
		HideSolutionNode = FALSE
	EndGlobalSection
	GlobalSection(ExtensibilityGlobals) = postSolution
		SolutionGuid = {C50CAA64-E258-47CC-A78C-C7CBDDCFB362}
	EndGlobalSection
EndGlobal
